PODS:
  - Reveal-SDK (24)
  - SnapKit (5.0.1)
  - YYKit (1.0.9):
    - YYKit/no-arc (= 1.0.9)
  - YYKit/no-arc (1.0.9)

DEPENDENCIES:
  - Reveal-SDK (~> 24.0)
  - SnapKit (~> 5.0.1)
  - YYKit (~> 1.0.9)

SPEC REPOS:
  trunk:
    - Reveal-SDK
    - SnapKit
    - YYKit

SPEC CHECKSUMS:
  Reveal-SDK: 5d7e56b8f018c0a88b3a2c10bf68d598bbd3b071
  SnapKit: 97b92857e3df3a0c71833cce143274bf6ef8e5eb
  YYKit: 7cda43304a8dc3696c449041e2cb3107b4e236e7

PODFILE CHECKSUM: d8577e6d0ec626ebbe8ebbf8ec1a9cd3d942a6ab

COCOAPODS: 1.9.3
